
Microsoft Visual Studio Solution File, Format Version 12.00
# Visual Studio Version 16
VisualStudioVersion = 16.0.30128.74
MinimumVisualStudioVersion = 10.0.40219.1
Project("{FAE04EC0-301F-11D3-BF4B-00C04F79EFBC}") = "Outlines.App", "OutlinesApp\Outlines.App.csproj", "{22E7FA16-5E3A-4595-9A5F-3D838D76C312}"
EndProject
Project("{9A19103F-16F7-4668-BE54-9A1E7A4F7556}") = "Outlines.Core", "Outlines.Core\Outlines.Core.csproj", "{6C3601E0-46A6-46D6-8F20-8010C1B99BBD}"
EndProject
Project("{9A19103F-16F7-4668-BE54-9A1E7A4F7556}") = "Outlines.Inspection", "Outlines.Inspection\Outlines.Inspection.csproj", "{691EC091-5D6E-4D6F-95BF-27B3FF83EE2A}"
EndProject
Project("{FAE04EC0-301F-11D3-BF4B-00C04F79EFBC}") = "Outlines.Inspection.NetFramework", "Outlines.Inspection.NetFramework\Outlines.Inspection.NetFramework.csproj", "{049FF871-64D6-4A04-91E8-66664C65E76C}"
EndProject
Project("{9A19103F-16F7-4668-BE54-9A1E7A4F7556}") = "Outlines.Inspection.NetCore", "Outlines.Inspection.NetCore\Outlines.Inspection.NetCore.csproj", "{EA8EE01D-1210-4A8F-A27C-B2001B0589D1}"
EndProject
Global
	GlobalSection(SolutionConfigurationPlatforms) = preSolution
		Debug|Any CPU = Debug|Any CPU
		Release|Any CPU = Release|Any CPU
		UiAccessDebug|Any CPU = UiAccessDebug|Any CPU
		UiAccessRelease|Any CPU = UiAccessRelease|Any CPU
	EndGlobalSection
	GlobalSection(ProjectConfigurationPlatforms) = postSolution
		{22E7FA16-5E3A-4595-9A5F-3D838D76C312}.Debug|Any CPU.ActiveCfg = Debug|Any CPU
		{22E7FA16-5E3A-4595-9A5F-3D838D76C312}.Debug|Any CPU.Build.0 = Debug|Any CPU
		{22E7FA16-5E3A-4595-9A5F-3D838D76C312}.Release|Any CPU.ActiveCfg = Release|Any CPU
		{22E7FA16-5E3A-4595-9A5F-3D838D76C312}.Release|Any CPU.Build.0 = Release|Any CPU
		{22E7FA16-5E3A-4595-9A5F-3D838D76C312}.UiAccessDebug|Any CPU.ActiveCfg = UiAccessDebug|Any CPU
		{22E7FA16-5E3A-4595-9A5F-3D838D76C312}.UiAccessDebug|Any CPU.Build.0 = UiAccessDebug|Any CPU
		{22E7FA16-5E3A-4595-9A5F-3D838D76C312}.UiAccessRelease|Any CPU.ActiveCfg = UiAccessRelease|Any CPU
		{22E7FA16-5E3A-4595-9A5F-3D838D76C312}.UiAccessRelease|Any CPU.Build.0 = UiAccessRelease|Any CPU
		{6C3601E0-46A6-46D6-8F20-8010C1B99BBD}.Debug|Any CPU.ActiveCfg = Debug|Any CPU
		{6C3601E0-46A6-46D6-8F20-8010C1B99BBD}.Debug|Any CPU.Build.0 = Debug|Any CPU
		{6C3601E0-46A6-46D6-8F20-8010C1B99BBD}.Release|Any CPU.ActiveCfg = Release|Any CPU
		{6C3601E0-46A6-46D6-8F20-8010C1B99BBD}.Release|Any CPU.Build.0 = Release|Any CPU
		{6C3601E0-46A6-46D6-8F20-8010C1B99BBD}.UiAccessDebug|Any CPU.ActiveCfg = Debug|Any CPU
		{6C3601E0-46A6-46D6-8F20-8010C1B99BBD}.UiAccessDebug|Any CPU.Build.0 = Debug|Any CPU
		{6C3601E0-46A6-46D6-8F20-8010C1B99BBD}.UiAccessRelease|Any CPU.ActiveCfg = Release|Any CPU
		{6C3601E0-46A6-46D6-8F20-8010C1B99BBD}.UiAccessRelease|Any CPU.Build.0 = Release|Any CPU
		{691EC091-5D6E-4D6F-95BF-27B3FF83EE2A}.Debug|Any CPU.ActiveCfg = Debug|Any CPU
		{691EC091-5D6E-4D6F-95BF-27B3FF83EE2A}.Debug|Any CPU.Build.0 = Debug|Any CPU
		{691EC091-5D6E-4D6F-95BF-27B3FF83EE2A}.Release|Any CPU.ActiveCfg = Release|Any CPU
		{691EC091-5D6E-4D6F-95BF-27B3FF83EE2A}.Release|Any CPU.Build.0 = Release|Any CPU
		{691EC091-5D6E-4D6F-95BF-27B3FF83EE2A}.UiAccessDebug|Any CPU.ActiveCfg = Debug|Any CPU
		{691EC091-5D6E-4D6F-95BF-27B3FF83EE2A}.UiAccessDebug|Any CPU.Build.0 = Debug|Any CPU
		{691EC091-5D6E-4D6F-95BF-27B3FF83EE2A}.UiAccessRelease|Any CPU.ActiveCfg = Release|Any CPU
		{691EC091-5D6E-4D6F-95BF-27B3FF83EE2A}.UiAccessRelease|Any CPU.Build.0 = Release|Any CPU
		{049FF871-64D6-4A04-91E8-66664C65E76C}.Debug|Any CPU.ActiveCfg = Debug|Any CPU
		{049FF871-64D6-4A04-91E8-66664C65E76C}.Debug|Any CPU.Build.0 = Debug|Any CPU
		{049FF871-64D6-4A04-91E8-66664C65E76C}.Release|Any CPU.ActiveCfg = Release|Any CPU
		{049FF871-64D6-4A04-91E8-66664C65E76C}.Release|Any CPU.Build.0 = Release|Any CPU
		{049FF871-64D6-4A04-91E8-66664C65E76C}.UiAccessDebug|Any CPU.ActiveCfg = Debug|Any CPU
		{049FF871-64D6-4A04-91E8-66664C65E76C}.UiAccessDebug|Any CPU.Build.0 = Debug|Any CPU
		{049FF871-64D6-4A04-91E8-66664C65E76C}.UiAccessRelease|Any CPU.ActiveCfg = Release|Any CPU
		{049FF871-64D6-4A04-91E8-66664C65E76C}.UiAccessRelease|Any CPU.Build.0 = Release|Any CPU
		{EA8EE01D-1210-4A8F-A27C-B2001B0589D1}.Debug|Any CPU.ActiveCfg = Debug|Any CPU
		{EA8EE01D-1210-4A8F-A27C-B2001B0589D1}.Debug|Any CPU.Build.0 = Debug|Any CPU
		{EA8EE01D-1210-4A8F-A27C-B2001B0589D1}.Release|Any CPU.ActiveCfg = Release|Any CPU
		{EA8EE01D-1210-4A8F-A27C-B2001B0589D1}.Release|Any CPU.Build.0 = Release|Any CPU
		{EA8EE01D-1210-4A8F-A27C-B2001B0589D1}.UiAccessDebug|Any CPU.ActiveCfg = Debug|Any CPU
		{EA8EE01D-1210-4A8F-A27C-B2001B0589D1}.UiAccessDebug|Any CPU.Build.0 = Debug|Any CPU
		{EA8EE01D-1210-4A8F-A27C-B2001B0589D1}.UiAccessRelease|Any CPU.ActiveCfg = Release|Any CPU
		{EA8EE01D-1210-4A8F-A27C-B2001B0589D1}.UiAccessRelease|Any CPU.Build.0 = Release|Any CPU
	EndGlobalSection
	GlobalSection(SolutionProperties) = preSolution
		HideSolutionNode = FALSE
	EndGlobalSection
	GlobalSection(ExtensibilityGlobals) = postSolution
		SolutionGuid = {FBE8B546-76CF-4A41-B204-72B39FF29C1B}
	EndGlobalSection
EndGlobal
