
Microsoft Visual Studio Solution File, Format Version 12.00
# Visual Studio Version 17
VisualStudioVersion = 17.2.32505.173
MinimumVisualStudioVersion = 10.0.40219.1
# Note: The order of the projects is important, see issue #96.
Project("{9A19103F-16F7-4668-BE54-9A1E7A4F7556}") = "Outlines.Core", "Outlines.Core\Outlines.Core.csproj", "{6C3601E0-46A6-46D6-8F20-8010C1B99BBD}"
EndProject
Project("{9A19103F-16F7-4668-BE54-9A1E7A4F7556}") = "Outlines.Inspection", "Outlines.Inspection\Outlines.Inspection.csproj", "{691EC091-5D6E-4D6F-95BF-27B3FF83EE2A}"
EndProject
Project("{9A19103F-16F7-4668-BE54-9A1E7A4F7556}") = "Outlines.App", "Outlines.App\Outlines.App.csproj", "{22E7FA16-5E3A-4595-9A5F-3D838D76C312}"
EndProject
Project("{C7167F0D-BC9F-4E6E-AFE1-012C56B48DB5}") = "Outlines.Package", "Outlines.Package\Outlines.Package.wapproj", "{E19B28D1-945C-4C25-A627-A6EE86CD152C}"
EndProject
Global
	GlobalSection(SolutionConfigurationPlatforms) = preSolution
		Debug|Any CPU = Debug|Any CPU
		Debug|ARM = Debug|ARM
		Debug|ARM64 = Debug|ARM64
		Debug|x64 = Debug|x64
		Debug|x86 = Debug|x86
		Release|Any CPU = Release|Any CPU
		Release|ARM = Release|ARM
		Release|ARM64 = Release|ARM64
		Release|x64 = Release|x64
		Release|x86 = Release|x86
		UiAccessDebug|Any CPU = UiAccessDebug|Any CPU
		UiAccessDebug|ARM = UiAccessDebug|ARM
		UiAccessDebug|ARM64 = UiAccessDebug|ARM64
		UiAccessDebug|x64 = UiAccessDebug|x64
		UiAccessDebug|x86 = UiAccessDebug|x86
		UiAccessRelease|Any CPU = UiAccessRelease|Any CPU
		UiAccessRelease|ARM = UiAccessRelease|ARM
		UiAccessRelease|ARM64 = UiAccessRelease|ARM64
		UiAccessRelease|x64 = UiAccessRelease|x64
		UiAccessRelease|x86 = UiAccessRelease|x86
	EndGlobalSection
	GlobalSection(ProjectConfigurationPlatforms) = postSolution
		{22E7FA16-5E3A-4595-9A5F-3D838D76C312}.Debug|Any CPU.ActiveCfg = Debug|Any CPU
		{22E7FA16-5E3A-4595-9A5F-3D838D76C312}.Debug|Any CPU.Build.0 = Debug|Any CPU
		{22E7FA16-5E3A-4595-9A5F-3D838D76C312}.Debug|ARM.ActiveCfg = Debug|Any CPU
		{22E7FA16-5E3A-4595-9A5F-3D838D76C312}.Debug|ARM.Build.0 = Debug|Any CPU
		{22E7FA16-5E3A-4595-9A5F-3D838D76C312}.Debug|ARM64.ActiveCfg = Debug|Any CPU
		{22E7FA16-5E3A-4595-9A5F-3D838D76C312}.Debug|ARM64.Build.0 = Debug|Any CPU
		{22E7FA16-5E3A-4595-9A5F-3D838D76C312}.Debug|x64.ActiveCfg = Debug|Any CPU
		{22E7FA16-5E3A-4595-9A5F-3D838D76C312}.Debug|x64.Build.0 = Debug|Any CPU
		{22E7FA16-5E3A-4595-9A5F-3D838D76C312}.Debug|x86.ActiveCfg = Debug|Any CPU
		{22E7FA16-5E3A-4595-9A5F-3D838D76C312}.Debug|x86.Build.0 = Debug|Any CPU
		{22E7FA16-5E3A-4595-9A5F-3D838D76C312}.Release|Any CPU.ActiveCfg = Release|Any CPU
		{22E7FA16-5E3A-4595-9A5F-3D838D76C312}.Release|Any CPU.Build.0 = Release|Any CPU
		{22E7FA16-5E3A-4595-9A5F-3D838D76C312}.Release|ARM.ActiveCfg = Release|Any CPU
		{22E7FA16-5E3A-4595-9A5F-3D838D76C312}.Release|ARM.Build.0 = Release|Any CPU
		{22E7FA16-5E3A-4595-9A5F-3D838D76C312}.Release|ARM64.ActiveCfg = Release|Any CPU
		{22E7FA16-5E3A-4595-9A5F-3D838D76C312}.Release|ARM64.Build.0 = Release|Any CPU
		{22E7FA16-5E3A-4595-9A5F-3D838D76C312}.Release|x64.ActiveCfg = Release|Any CPU
		{22E7FA16-5E3A-4595-9A5F-3D838D76C312}.Release|x64.Build.0 = Release|Any CPU
		{22E7FA16-5E3A-4595-9A5F-3D838D76C312}.Release|x86.ActiveCfg = Release|Any CPU
		{22E7FA16-5E3A-4595-9A5F-3D838D76C312}.Release|x86.Build.0 = Release|Any CPU
		{22E7FA16-5E3A-4595-9A5F-3D838D76C312}.UiAccessDebug|Any CPU.ActiveCfg = UiAccessDebug|Any CPU
		{22E7FA16-5E3A-4595-9A5F-3D838D76C312}.UiAccessDebug|Any CPU.Build.0 = UiAccessDebug|Any CPU
		{22E7FA16-5E3A-4595-9A5F-3D838D76C312}.UiAccessDebug|ARM.ActiveCfg = UiAccessDebug|Any CPU
		{22E7FA16-5E3A-4595-9A5F-3D838D76C312}.UiAccessDebug|ARM.Build.0 = UiAccessDebug|Any CPU
		{22E7FA16-5E3A-4595-9A5F-3D838D76C312}.UiAccessDebug|ARM64.ActiveCfg = UiAccessDebug|Any CPU
		{22E7FA16-5E3A-4595-9A5F-3D838D76C312}.UiAccessDebug|ARM64.Build.0 = UiAccessDebug|Any CPU
		{22E7FA16-5E3A-4595-9A5F-3D838D76C312}.UiAccessDebug|x64.ActiveCfg = UiAccessDebug|Any CPU
		{22E7FA16-5E3A-4595-9A5F-3D838D76C312}.UiAccessDebug|x64.Build.0 = UiAccessDebug|Any CPU
		{22E7FA16-5E3A-4595-9A5F-3D838D76C312}.UiAccessDebug|x86.ActiveCfg = UiAccessDebug|Any CPU
		{22E7FA16-5E3A-4595-9A5F-3D838D76C312}.UiAccessDebug|x86.Build.0 = UiAccessDebug|Any CPU
		{22E7FA16-5E3A-4595-9A5F-3D838D76C312}.UiAccessRelease|Any CPU.ActiveCfg = UiAccessRelease|Any CPU
		{22E7FA16-5E3A-4595-9A5F-3D838D76C312}.UiAccessRelease|Any CPU.Build.0 = UiAccessRelease|Any CPU
		{22E7FA16-5E3A-4595-9A5F-3D838D76C312}.UiAccessRelease|ARM.ActiveCfg = UiAccessRelease|Any CPU
		{22E7FA16-5E3A-4595-9A5F-3D838D76C312}.UiAccessRelease|ARM.Build.0 = UiAccessRelease|Any CPU
		{22E7FA16-5E3A-4595-9A5F-3D838D76C312}.UiAccessRelease|ARM64.ActiveCfg = UiAccessRelease|Any CPU
		{22E7FA16-5E3A-4595-9A5F-3D838D76C312}.UiAccessRelease|ARM64.Build.0 = UiAccessRelease|Any CPU
		{22E7FA16-5E3A-4595-9A5F-3D838D76C312}.UiAccessRelease|x64.ActiveCfg = UiAccessRelease|Any CPU
		{22E7FA16-5E3A-4595-9A5F-3D838D76C312}.UiAccessRelease|x64.Build.0 = UiAccessRelease|Any CPU
		{22E7FA16-5E3A-4595-9A5F-3D838D76C312}.UiAccessRelease|x86.ActiveCfg = UiAccessRelease|Any CPU
		{22E7FA16-5E3A-4595-9A5F-3D838D76C312}.UiAccessRelease|x86.Build.0 = UiAccessRelease|Any CPU
		{6C3601E0-46A6-46D6-8F20-8010C1B99BBD}.Debug|Any CPU.ActiveCfg = Debug|Any CPU
		{6C3601E0-46A6-46D6-8F20-8010C1B99BBD}.Debug|Any CPU.Build.0 = Debug|Any CPU
		{6C3601E0-46A6-46D6-8F20-8010C1B99BBD}.Debug|ARM.ActiveCfg = Debug|Any CPU
		{6C3601E0-46A6-46D6-8F20-8010C1B99BBD}.Debug|ARM.Build.0 = Debug|Any CPU
		{6C3601E0-46A6-46D6-8F20-8010C1B99BBD}.Debug|ARM64.ActiveCfg = Debug|Any CPU
		{6C3601E0-46A6-46D6-8F20-8010C1B99BBD}.Debug|ARM64.Build.0 = Debug|Any CPU
		{6C3601E0-46A6-46D6-8F20-8010C1B99BBD}.Debug|x64.ActiveCfg = Debug|Any CPU
		{6C3601E0-46A6-46D6-8F20-8010C1B99BBD}.Debug|x64.Build.0 = Debug|Any CPU
		{6C3601E0-46A6-46D6-8F20-8010C1B99BBD}.Debug|x86.ActiveCfg = Debug|Any CPU
		{6C3601E0-46A6-46D6-8F20-8010C1B99BBD}.Debug|x86.Build.0 = Debug|Any CPU
		{6C3601E0-46A6-46D6-8F20-8010C1B99BBD}.Release|Any CPU.ActiveCfg = Release|Any CPU
		{6C3601E0-46A6-46D6-8F20-8010C1B99BBD}.Release|Any CPU.Build.0 = Release|Any CPU
		{6C3601E0-46A6-46D6-8F20-8010C1B99BBD}.Release|ARM.ActiveCfg = Release|Any CPU
		{6C3601E0-46A6-46D6-8F20-8010C1B99BBD}.Release|ARM.Build.0 = Release|Any CPU
		{6C3601E0-46A6-46D6-8F20-8010C1B99BBD}.Release|ARM64.ActiveCfg = Release|Any CPU
		{6C3601E0-46A6-46D6-8F20-8010C1B99BBD}.Release|ARM64.Build.0 = Release|Any CPU
		{6C3601E0-46A6-46D6-8F20-8010C1B99BBD}.Release|x64.ActiveCfg = Release|Any CPU
		{6C3601E0-46A6-46D6-8F20-8010C1B99BBD}.Release|x64.Build.0 = Release|Any CPU
		{6C3601E0-46A6-46D6-8F20-8010C1B99BBD}.Release|x86.ActiveCfg = Release|Any CPU
		{6C3601E0-46A6-46D6-8F20-8010C1B99BBD}.Release|x86.Build.0 = Release|Any CPU
		{6C3601E0-46A6-46D6-8F20-8010C1B99BBD}.UiAccessDebug|Any CPU.ActiveCfg = Debug|Any CPU
		{6C3601E0-46A6-46D6-8F20-8010C1B99BBD}.UiAccessDebug|Any CPU.Build.0 = Debug|Any CPU
		{6C3601E0-46A6-46D6-8F20-8010C1B99BBD}.UiAccessDebug|ARM.ActiveCfg = Debug|Any CPU
		{6C3601E0-46A6-46D6-8F20-8010C1B99BBD}.UiAccessDebug|ARM.Build.0 = Debug|Any CPU
		{6C3601E0-46A6-46D6-8F20-8010C1B99BBD}.UiAccessDebug|ARM64.ActiveCfg = Debug|Any CPU
		{6C3601E0-46A6-46D6-8F20-8010C1B99BBD}.UiAccessDebug|ARM64.Build.0 = Debug|Any CPU
		{6C3601E0-46A6-46D6-8F20-8010C1B99BBD}.UiAccessDebug|x64.ActiveCfg = Debug|Any CPU
		{6C3601E0-46A6-46D6-8F20-8010C1B99BBD}.UiAccessDebug|x64.Build.0 = Debug|Any CPU
		{6C3601E0-46A6-46D6-8F20-8010C1B99BBD}.UiAccessDebug|x86.ActiveCfg = Debug|Any CPU
		{6C3601E0-46A6-46D6-8F20-8010C1B99BBD}.UiAccessDebug|x86.Build.0 = Debug|Any CPU
		{6C3601E0-46A6-46D6-8F20-8010C1B99BBD}.UiAccessRelease|Any CPU.ActiveCfg = Release|Any CPU
		{6C3601E0-46A6-46D6-8F20-8010C1B99BBD}.UiAccessRelease|Any CPU.Build.0 = Release|Any CPU
		{6C3601E0-46A6-46D6-8F20-8010C1B99BBD}.UiAccessRelease|ARM.ActiveCfg = Release|Any CPU
		{6C3601E0-46A6-46D6-8F20-8010C1B99BBD}.UiAccessRelease|ARM.Build.0 = Release|Any CPU
		{6C3601E0-46A6-46D6-8F20-8010C1B99BBD}.UiAccessRelease|ARM64.ActiveCfg = Release|Any CPU
		{6C3601E0-46A6-46D6-8F20-8010C1B99BBD}.UiAccessRelease|ARM64.Build.0 = Release|Any CPU
		{6C3601E0-46A6-46D6-8F20-8010C1B99BBD}.UiAccessRelease|x64.ActiveCfg = Release|Any CPU
		{6C3601E0-46A6-46D6-8F20-8010C1B99BBD}.UiAccessRelease|x64.Build.0 = Release|Any CPU
		{6C3601E0-46A6-46D6-8F20-8010C1B99BBD}.UiAccessRelease|x86.ActiveCfg = Release|Any CPU
		{6C3601E0-46A6-46D6-8F20-8010C1B99BBD}.UiAccessRelease|x86.Build.0 = Release|Any CPU
		{691EC091-5D6E-4D6F-95BF-27B3FF83EE2A}.Debug|Any CPU.ActiveCfg = Debug|Any CPU
		{691EC091-5D6E-4D6F-95BF-27B3FF83EE2A}.Debug|Any CPU.Build.0 = Debug|Any CPU
		{691EC091-5D6E-4D6F-95BF-27B3FF83EE2A}.Debug|ARM.ActiveCfg = Debug|Any CPU
		{691EC091-5D6E-4D6F-95BF-27B3FF83EE2A}.Debug|ARM.Build.0 = Debug|Any CPU
		{691EC091-5D6E-4D6F-95BF-27B3FF83EE2A}.Debug|ARM64.ActiveCfg = Debug|Any CPU
		{691EC091-5D6E-4D6F-95BF-27B3FF83EE2A}.Debug|ARM64.Build.0 = Debug|Any CPU
		{691EC091-5D6E-4D6F-95BF-27B3FF83EE2A}.Debug|x64.ActiveCfg = Debug|Any CPU
		{691EC091-5D6E-4D6F-95BF-27B3FF83EE2A}.Debug|x64.Build.0 = Debug|Any CPU
		{691EC091-5D6E-4D6F-95BF-27B3FF83EE2A}.Debug|x86.ActiveCfg = Debug|Any CPU
		{691EC091-5D6E-4D6F-95BF-27B3FF83EE2A}.Debug|x86.Build.0 = Debug|Any CPU
		{691EC091-5D6E-4D6F-95BF-27B3FF83EE2A}.Release|Any CPU.ActiveCfg = Release|Any CPU
		{691EC091-5D6E-4D6F-95BF-27B3FF83EE2A}.Release|Any CPU.Build.0 = Release|Any CPU
		{691EC091-5D6E-4D6F-95BF-27B3FF83EE2A}.Release|ARM.ActiveCfg = Release|Any CPU
		{691EC091-5D6E-4D6F-95BF-27B3FF83EE2A}.Release|ARM.Build.0 = Release|Any CPU
		{691EC091-5D6E-4D6F-95BF-27B3FF83EE2A}.Release|ARM64.ActiveCfg = Release|Any CPU
		{691EC091-5D6E-4D6F-95BF-27B3FF83EE2A}.Release|ARM64.Build.0 = Release|Any CPU
		{691EC091-5D6E-4D6F-95BF-27B3FF83EE2A}.Release|x64.ActiveCfg = Release|Any CPU
		{691EC091-5D6E-4D6F-95BF-27B3FF83EE2A}.Release|x64.Build.0 = Release|Any CPU
		{691EC091-5D6E-4D6F-95BF-27B3FF83EE2A}.Release|x86.ActiveCfg = Release|Any CPU
		{691EC091-5D6E-4D6F-95BF-27B3FF83EE2A}.Release|x86.Build.0 = Release|Any CPU
		{691EC091-5D6E-4D6F-95BF-27B3FF83EE2A}.UiAccessDebug|Any CPU.ActiveCfg = Debug|Any CPU
		{691EC091-5D6E-4D6F-95BF-27B3FF83EE2A}.UiAccessDebug|Any CPU.Build.0 = Debug|Any CPU
		{691EC091-5D6E-4D6F-95BF-27B3FF83EE2A}.UiAccessDebug|ARM.ActiveCfg = Debug|Any CPU
		{691EC091-5D6E-4D6F-95BF-27B3FF83EE2A}.UiAccessDebug|ARM.Build.0 = Debug|Any CPU
		{691EC091-5D6E-4D6F-95BF-27B3FF83EE2A}.UiAccessDebug|ARM64.ActiveCfg = Debug|Any CPU
		{691EC091-5D6E-4D6F-95BF-27B3FF83EE2A}.UiAccessDebug|ARM64.Build.0 = Debug|Any CPU
		{691EC091-5D6E-4D6F-95BF-27B3FF83EE2A}.UiAccessDebug|x64.ActiveCfg = Debug|Any CPU
		{691EC091-5D6E-4D6F-95BF-27B3FF83EE2A}.UiAccessDebug|x64.Build.0 = Debug|Any CPU
		{691EC091-5D6E-4D6F-95BF-27B3FF83EE2A}.UiAccessDebug|x86.ActiveCfg = Debug|Any CPU
		{691EC091-5D6E-4D6F-95BF-27B3FF83EE2A}.UiAccessDebug|x86.Build.0 = Debug|Any CPU
		{691EC091-5D6E-4D6F-95BF-27B3FF83EE2A}.UiAccessRelease|Any CPU.ActiveCfg = Release|Any CPU
		{691EC091-5D6E-4D6F-95BF-27B3FF83EE2A}.UiAccessRelease|Any CPU.Build.0 = Release|Any CPU
		{691EC091-5D6E-4D6F-95BF-27B3FF83EE2A}.UiAccessRelease|ARM.ActiveCfg = Release|Any CPU
		{691EC091-5D6E-4D6F-95BF-27B3FF83EE2A}.UiAccessRelease|ARM.Build.0 = Release|Any CPU
		{691EC091-5D6E-4D6F-95BF-27B3FF83EE2A}.UiAccessRelease|ARM64.ActiveCfg = Release|Any CPU
		{691EC091-5D6E-4D6F-95BF-27B3FF83EE2A}.UiAccessRelease|ARM64.Build.0 = Release|Any CPU
		{691EC091-5D6E-4D6F-95BF-27B3FF83EE2A}.UiAccessRelease|x64.ActiveCfg = Release|Any CPU
		{691EC091-5D6E-4D6F-95BF-27B3FF83EE2A}.UiAccessRelease|x64.Build.0 = Release|Any CPU
		{691EC091-5D6E-4D6F-95BF-27B3FF83EE2A}.UiAccessRelease|x86.ActiveCfg = Release|Any CPU
		{691EC091-5D6E-4D6F-95BF-27B3FF83EE2A}.UiAccessRelease|x86.Build.0 = Release|Any CPU
		{E19B28D1-945C-4C25-A627-A6EE86CD152C}.Debug|Any CPU.ActiveCfg = Debug|Any CPU
		{E19B28D1-945C-4C25-A627-A6EE86CD152C}.Debug|Any CPU.Build.0 = Debug|Any CPU
		{E19B28D1-945C-4C25-A627-A6EE86CD152C}.Debug|Any CPU.Deploy.0 = Debug|Any CPU
		{E19B28D1-945C-4C25-A627-A6EE86CD152C}.Debug|ARM.ActiveCfg = Debug|ARM
		{E19B28D1-945C-4C25-A627-A6EE86CD152C}.Debug|ARM.Build.0 = Debug|ARM
		{E19B28D1-945C-4C25-A627-A6EE86CD152C}.Debug|ARM.Deploy.0 = Debug|ARM
		{E19B28D1-945C-4C25-A627-A6EE86CD152C}.Debug|ARM64.ActiveCfg = Debug|ARM64
		{E19B28D1-945C-4C25-A627-A6EE86CD152C}.Debug|ARM64.Build.0 = Debug|ARM64
		{E19B28D1-945C-4C25-A627-A6EE86CD152C}.Debug|ARM64.Deploy.0 = Debug|ARM64
		{E19B28D1-945C-4C25-A627-A6EE86CD152C}.Debug|x64.ActiveCfg = Debug|x64
		{E19B28D1-945C-4C25-A627-A6EE86CD152C}.Debug|x64.Build.0 = Debug|x64
		{E19B28D1-945C-4C25-A627-A6EE86CD152C}.Debug|x64.Deploy.0 = Debug|x64
		{E19B28D1-945C-4C25-A627-A6EE86CD152C}.Debug|x86.ActiveCfg = Debug|x86
		{E19B28D1-945C-4C25-A627-A6EE86CD152C}.Debug|x86.Build.0 = Debug|x86
		{E19B28D1-945C-4C25-A627-A6EE86CD152C}.Debug|x86.Deploy.0 = Debug|x86
		{E19B28D1-945C-4C25-A627-A6EE86CD152C}.Release|Any CPU.ActiveCfg = Release|Any CPU
		{E19B28D1-945C-4C25-A627-A6EE86CD152C}.Release|Any CPU.Build.0 = Release|Any CPU
		{E19B28D1-945C-4C25-A627-A6EE86CD152C}.Release|Any CPU.Deploy.0 = Release|Any CPU
		{E19B28D1-945C-4C25-A627-A6EE86CD152C}.Release|ARM.ActiveCfg = Release|ARM
		{E19B28D1-945C-4C25-A627-A6EE86CD152C}.Release|ARM.Build.0 = Release|ARM
		{E19B28D1-945C-4C25-A627-A6EE86CD152C}.Release|ARM.Deploy.0 = Release|ARM
		{E19B28D1-945C-4C25-A627-A6EE86CD152C}.Release|ARM64.ActiveCfg = Release|ARM64
		{E19B28D1-945C-4C25-A627-A6EE86CD152C}.Release|ARM64.Build.0 = Release|ARM64
		{E19B28D1-945C-4C25-A627-A6EE86CD152C}.Release|ARM64.Deploy.0 = Release|ARM64
		{E19B28D1-945C-4C25-A627-A6EE86CD152C}.Release|x64.ActiveCfg = Release|x64
		{E19B28D1-945C-4C25-A627-A6EE86CD152C}.Release|x64.Build.0 = Release|x64
		{E19B28D1-945C-4C25-A627-A6EE86CD152C}.Release|x64.Deploy.0 = Release|x64
		{E19B28D1-945C-4C25-A627-A6EE86CD152C}.Release|x86.ActiveCfg = Release|x86
		{E19B28D1-945C-4C25-A627-A6EE86CD152C}.Release|x86.Build.0 = Release|x86
		{E19B28D1-945C-4C25-A627-A6EE86CD152C}.Release|x86.Deploy.0 = Release|x86
		{E19B28D1-945C-4C25-A627-A6EE86CD152C}.UiAccessDebug|Any CPU.ActiveCfg = Debug|Any CPU
		{E19B28D1-945C-4C25-A627-A6EE86CD152C}.UiAccessDebug|Any CPU.Build.0 = Debug|Any CPU
		{E19B28D1-945C-4C25-A627-A6EE86CD152C}.UiAccessDebug|Any CPU.Deploy.0 = Debug|Any CPU
		{E19B28D1-945C-4C25-A627-A6EE86CD152C}.UiAccessDebug|ARM.ActiveCfg = Debug|ARM
		{E19B28D1-945C-4C25-A627-A6EE86CD152C}.UiAccessDebug|ARM.Build.0 = Debug|ARM
		{E19B28D1-945C-4C25-A627-A6EE86CD152C}.UiAccessDebug|ARM.Deploy.0 = Debug|ARM
		{E19B28D1-945C-4C25-A627-A6EE86CD152C}.UiAccessDebug|ARM64.ActiveCfg = Debug|ARM64
		{E19B28D1-945C-4C25-A627-A6EE86CD152C}.UiAccessDebug|ARM64.Build.0 = Debug|ARM64
		{E19B28D1-945C-4C25-A627-A6EE86CD152C}.UiAccessDebug|ARM64.Deploy.0 = Debug|ARM64
		{E19B28D1-945C-4C25-A627-A6EE86CD152C}.UiAccessDebug|x64.ActiveCfg = Debug|x64
		{E19B28D1-945C-4C25-A627-A6EE86CD152C}.UiAccessDebug|x64.Build.0 = Debug|x64
		{E19B28D1-945C-4C25-A627-A6EE86CD152C}.UiAccessDebug|x64.Deploy.0 = Debug|x64
		{E19B28D1-945C-4C25-A627-A6EE86CD152C}.UiAccessDebug|x86.ActiveCfg = Debug|x86
		{E19B28D1-945C-4C25-A627-A6EE86CD152C}.UiAccessDebug|x86.Build.0 = Debug|x86
		{E19B28D1-945C-4C25-A627-A6EE86CD152C}.UiAccessDebug|x86.Deploy.0 = Debug|x86
		{E19B28D1-945C-4C25-A627-A6EE86CD152C}.UiAccessRelease|Any CPU.ActiveCfg = Release|Any CPU
		{E19B28D1-945C-4C25-A627-A6EE86CD152C}.UiAccessRelease|Any CPU.Build.0 = Release|Any CPU
		{E19B28D1-945C-4C25-A627-A6EE86CD152C}.UiAccessRelease|Any CPU.Deploy.0 = Release|Any CPU
		{E19B28D1-945C-4C25-A627-A6EE86CD152C}.UiAccessRelease|ARM.ActiveCfg = Release|ARM
		{E19B28D1-945C-4C25-A627-A6EE86CD152C}.UiAccessRelease|ARM.Build.0 = Release|ARM
		{E19B28D1-945C-4C25-A627-A6EE86CD152C}.UiAccessRelease|ARM.Deploy.0 = Release|ARM
		{E19B28D1-945C-4C25-A627-A6EE86CD152C}.UiAccessRelease|ARM64.ActiveCfg = Release|ARM64
		{E19B28D1-945C-4C25-A627-A6EE86CD152C}.UiAccessRelease|ARM64.Build.0 = Release|ARM64
		{E19B28D1-945C-4C25-A627-A6EE86CD152C}.UiAccessRelease|ARM64.Deploy.0 = Release|ARM64
		{E19B28D1-945C-4C25-A627-A6EE86CD152C}.UiAccessRelease|x64.ActiveCfg = Release|x64
		{E19B28D1-945C-4C25-A627-A6EE86CD152C}.UiAccessRelease|x64.Build.0 = Release|x64
		{E19B28D1-945C-4C25-A627-A6EE86CD152C}.UiAccessRelease|x64.Deploy.0 = Release|x64
		{E19B28D1-945C-4C25-A627-A6EE86CD152C}.UiAccessRelease|x86.ActiveCfg = Release|x86
		{E19B28D1-945C-4C25-A627-A6EE86CD152C}.UiAccessRelease|x86.Build.0 = Release|x86
		{E19B28D1-945C-4C25-A627-A6EE86CD152C}.UiAccessRelease|x86.Deploy.0 = Release|x86
	EndGlobalSection
	GlobalSection(SolutionProperties) = preSolution
		HideSolutionNode = FALSE
	EndGlobalSection
	GlobalSection(ExtensibilityGlobals) = postSolution
		SolutionGuid = {FBE8B546-76CF-4A41-B204-72B39FF29C1B}
	EndGlobalSection
EndGlobal
